
Microsoft Visual Studio Solution File, Format Version 12.00
# Visual Studio Version 16
VisualStudioVersion = 16.0.30114.105
MinimumVisualStudioVersion = 10.0.40219.1
Project("{9A19103F-16F7-4668-BE54-9A1E7A4F7556}") = "TrickingLibrary.Api", "TrickingLibrary.Api\TrickingLibrary.Api.csproj", "{CBDA75D9-73F5-4174-AB45-49197418DE9D}"
EndProject
Global
	GlobalSection(SolutionConfigurationPlatforms) = preSolution
		Debug|Any CPU = Debug|Any CPU
		Release|Any CPU = Release|Any CPU
	EndGlobalSection
	GlobalSection(ProjectConfigurationPlatforms) = postSolution
		{CBDA75D9-73F5-4174-AB45-49197418DE9D}.Debug|Any CPU.ActiveCfg = Debug|Any CPU
		{CBDA75D9-73F5-4174-AB45-49197418DE9D}.Debug|Any CPU.Build.0 = Debug|Any CPU
		{CBDA75D9-73F5-4174-AB45-49197418DE9D}.Release|Any CPU.ActiveCfg = Release|Any CPU
		{CBDA75D9-73F5-4174-AB45-49197418DE9D}.Release|Any CPU.Build.0 = Release|Any CPU
	EndGlobalSection
	GlobalSection(SolutionProperties) = preSolution
		HideSolutionNode = FALSE
	EndGlobalSection
	GlobalSection(ExtensibilityGlobals) = postSolution
		SolutionGuid = {C27A862A-510E-4044-9390-3F7D39EA43EE}
	EndGlobalSection
EndGlobal
